
Microsoft Visual Studio Solution File, Format Version 12.00
# Visual Studio 15
VisualStudioVersion = 15.0.28010.2041
MinimumVisualStudioVersion = 10.0.40219.1
Project("{9A19103F-16F7-4668-BE54-9A1E7A4F7556}") = "SportSchedule", "SportSchedule.csproj", "{8A55AC0C-EBE8-4C64-A970-5ADE12B84DDA}"
EndProject
Project("{E53339B2-1760-4266-BCC7-CA923CBCF16C}") = "docker-compose", "docker-compose.dcproj", "{5B80C61C-80E6-47C2-AB4F-C922849C6517}"
EndProject
Global
	GlobalSection(SolutionConfigurationPlatforms) = preSolution
		Debug|Any CPU = Debug|Any CPU
		Release|Any CPU = Release|Any CPU
	EndGlobalSection
	GlobalSection(ProjectConfigurationPlatforms) = postSolution
		{8A55AC0C-EBE8-4C64-A970-5ADE12B84DDA}.Debug|Any CPU.ActiveCfg = Debug|Any CPU
		{8A55AC0C-EBE8-4C64-A970-5ADE12B84DDA}.Debug|Any CPU.Build.0 = Debug|Any CPU
		{8A55AC0C-EBE8-4C64-A970-5ADE12B84DDA}.Release|Any CPU.ActiveCfg = Release|Any CPU
		{8A55AC0C-EBE8-4C64-A970-5ADE12B84DDA}.Release|Any CPU.Build.0 = Release|Any CPU
		{5B80C61C-80E6-47C2-AB4F-C922849C6517}.Debug|Any CPU.ActiveCfg = Debug|Any CPU
		{5B80C61C-80E6-47C2-AB4F-C922849C6517}.Debug|Any CPU.Build.0 = Debug|Any CPU
		{5B80C61C-80E6-47C2-AB4F-C922849C6517}.Release|Any CPU.ActiveCfg = Release|Any CPU
		{5B80C61C-80E6-47C2-AB4F-C922849C6517}.Release|Any CPU.Build.0 = Release|Any CPU
	EndGlobalSection
	GlobalSection(SolutionProperties) = preSolution
		HideSolutionNode = FALSE
	EndGlobalSection
	GlobalSection(ExtensibilityGlobals) = postSolution
		SolutionGuid = {8AE23960-52C9-48A8-896E-A8ED5A6EBF4C}
	EndGlobalSection
EndGlobal
